
Microsoft Visual Studio Solution File, Format Version 12.00
# Visual Studio Version 17
VisualStudioVersion = 17.3.32929.385
MinimumVisualStudioVersion = 10.0.40219.1
Project("{9A19103F-16F7-4668-BE54-9A1E7A4F7556}") = "Bussiness", "Bussiness\Bussiness.csproj", "{F15A7347-9388-4B6D-B6CF-387E3F032980}"
EndProject
Project("{9A19103F-16F7-4668-BE54-9A1E7A4F7556}") = "Core", "Core\Core.csproj", "{53A0B634-1E96-4E52-A45B-D34D1B06EC30}"
EndProject
Project("{9A19103F-16F7-4668-BE54-9A1E7A4F7556}") = "DataAccess", "DataAccess\DataAccess.csproj", "{77903339-484A-49DC-8CB1-1D226CD58E50}"
EndProject
Project("{9A19103F-16F7-4668-BE54-9A1E7A4F7556}") = "Entity", "Entity\Entity.csproj", "{87F74A7F-ED44-4C94-879D-1A5DED557DC7}"
EndProject
Project("{9A19103F-16F7-4668-BE54-9A1E7A4F7556}") = "WebAPI", "WebAPI\WebAPI.csproj", "{FDC5F0FC-00B7-4D9F-80F4-94B94589F698}"
EndProject
Project("{FAE04EC0-301F-11D3-BF4B-00C04F79EFBC}") = "UnitTest", "UnitTest\UnitTest.csproj", "{E24111B4-4476-4D65-B310-B8D84A6CD61D}"
EndProject
Global
	GlobalSection(SolutionConfigurationPlatforms) = preSolution
		Debug|Any CPU = Debug|Any CPU
		Release|Any CPU = Release|Any CPU
	EndGlobalSection
	GlobalSection(ProjectConfigurationPlatforms) = postSolution
		{F15A7347-9388-4B6D-B6CF-387E3F032980}.Debug|Any CPU.ActiveCfg = Debug|Any CPU
		{F15A7347-9388-4B6D-B6CF-387E3F032980}.Debug|Any CPU.Build.0 = Debug|Any CPU
		{F15A7347-9388-4B6D-B6CF-387E3F032980}.Release|Any CPU.ActiveCfg = Release|Any CPU
		{F15A7347-9388-4B6D-B6CF-387E3F032980}.Release|Any CPU.Build.0 = Release|Any CPU
		{53A0B634-1E96-4E52-A45B-D34D1B06EC30}.Debug|Any CPU.ActiveCfg = Debug|Any CPU
		{53A0B634-1E96-4E52-A45B-D34D1B06EC30}.Debug|Any CPU.Build.0 = Debug|Any CPU
		{53A0B634-1E96-4E52-A45B-D34D1B06EC30}.Release|Any CPU.ActiveCfg = Release|Any CPU
		{53A0B634-1E96-4E52-A45B-D34D1B06EC30}.Release|Any CPU.Build.0 = Release|Any CPU
		{77903339-484A-49DC-8CB1-1D226CD58E50}.Debug|Any CPU.ActiveCfg = Debug|Any CPU
		{77903339-484A-49DC-8CB1-1D226CD58E50}.Debug|Any CPU.Build.0 = Debug|Any CPU
		{77903339-484A-49DC-8CB1-1D226CD58E50}.Release|Any CPU.ActiveCfg = Release|Any CPU
		{77903339-484A-49DC-8CB1-1D226CD58E50}.Release|Any CPU.Build.0 = Release|Any CPU
		{87F74A7F-ED44-4C94-879D-1A5DED557DC7}.Debug|Any CPU.ActiveCfg = Debug|Any CPU
		{87F74A7F-ED44-4C94-879D-1A5DED557DC7}.Debug|Any CPU.Build.0 = Debug|Any CPU
		{87F74A7F-ED44-4C94-879D-1A5DED557DC7}.Release|Any CPU.ActiveCfg = Release|Any CPU
		{87F74A7F-ED44-4C94-879D-1A5DED557DC7}.Release|Any CPU.Build.0 = Release|Any CPU
		{FDC5F0FC-00B7-4D9F-80F4-94B94589F698}.Debug|Any CPU.ActiveCfg = Debug|Any CPU
		{FDC5F0FC-00B7-4D9F-80F4-94B94589F698}.Debug|Any CPU.Build.0 = Debug|Any CPU
		{FDC5F0FC-00B7-4D9F-80F4-94B94589F698}.Release|Any CPU.ActiveCfg = Release|Any CPU
		{FDC5F0FC-00B7-4D9F-80F4-94B94589F698}.Release|Any CPU.Build.0 = Release|Any CPU
		{E24111B4-4476-4D65-B310-B8D84A6CD61D}.Debug|Any CPU.ActiveCfg = Debug|Any CPU
		{E24111B4-4476-4D65-B310-B8D84A6CD61D}.Debug|Any CPU.Build.0 = Debug|Any CPU
		{E24111B4-4476-4D65-B310-B8D84A6CD61D}.Release|Any CPU.ActiveCfg = Release|Any CPU
		{E24111B4-4476-4D65-B310-B8D84A6CD61D}.Release|Any CPU.Build.0 = Release|Any CPU
	EndGlobalSection
	GlobalSection(SolutionProperties) = preSolution
		HideSolutionNode = FALSE
	EndGlobalSection
	GlobalSection(ExtensibilityGlobals) = postSolution
		SolutionGuid = {C0A74D48-33E1-4D48-A55E-D6BD9A79FE46}
	EndGlobalSection
EndGlobal
